
Microsoft Visual Studio Solution File, Format Version 12.00
# Visual Studio Version 17
VisualStudioVersion = 17.13.35825.156 d17.13
MinimumVisualStudioVersion = 10.0.40219.1
Project("{888888A0-9F3D-457C-B088-3A5042F75D52}") = "Mini Loto11", "Mini Loto11.pyproj", "{291C1DCB-90BA-4870-85B6-2F373CDC674E}"
EndProject
Global
	GlobalSection(SolutionConfigurationPlatforms) = preSolution
		Debug|Any CPU = Debug|Any CPU
		Release|Any CPU = Release|Any CPU
	EndGlobalSection
	GlobalSection(ProjectConfigurationPlatforms) = postSolution
		{291C1DCB-90BA-4870-85B6-2F373CDC674E}.Debug|Any CPU.ActiveCfg = Debug|Any CPU
		{291C1DCB-90BA-4870-85B6-2F373CDC674E}.Release|Any CPU.ActiveCfg = Release|Any CPU
	EndGlobalSection
	GlobalSection(SolutionProperties) = preSolution
		HideSolutionNode = FALSE
	EndGlobalSection
	GlobalSection(ExtensibilityGlobals) = postSolution
		SolutionGuid = {954E6293-F513-4204-A420-A8BCA99320A3}
	EndGlobalSection
EndGlobal
